NeoBundleLock auto-pairs ff9160e6d88110d093c704501bfefb9f223eccda
NeoBundleLock ctrlp.vim 564176f01d7f3f7f8ab452ff4e1f5314de7b0981
NeoBundleLock neobundle.vim c6fa48cd665071b7a4dbf5ab53f48cd5884716ee
NeoBundleLock nerdtree e671e403dd1ec1da59f70605c73aaedb6cb0e637
NeoBundleLock supertab cdaa5c27c5a7f8b08a43d0b2e65929512299e33a
NeoBundleLock vim-gitgutter 1c034be0d31168c8f4770ef7b69adb67d00d6f3d
NeoBundleLock vim-ruby 4a03334baf5be506c01eb441dc0a166cee61c057
